
Microsoft Visual Studio Solution File, Format Version 12.00
# Visual Studio Version 16
VisualStudioVersion = 16.0.29025.244
MinimumVisualStudioVersion = 10.0.40219.1
Project("{888888A0-9F3D-457C-B088-3A5042F75D52}") = "GroundModel", "GroundModel.pyproj", "{11082B5B-8138-485E-B184-9AAF6D11DA96}"
EndProject
Global
	GlobalSection(SolutionConfigurationPlatforms) = preSolution
		Debug|Any CPU = Debug|Any CPU
		Release|Any CPU = Release|Any CPU
	EndGlobalSection
	GlobalSection(ProjectConfigurationPlatforms) = postSolution
		{11082B5B-8138-485E-B184-9AAF6D11DA96}.Debug|Any CPU.ActiveCfg = Debug|Any CPU
		{11082B5B-8138-485E-B184-9AAF6D11DA96}.Release|Any CPU.ActiveCfg = Release|Any CPU
	EndGlobalSection
	GlobalSection(SolutionProperties) = preSolution
		HideSolutionNode = FALSE
	EndGlobalSection
	GlobalSection(ExtensibilityGlobals) = postSolution
		SolutionGuid = {5F09AF3E-A10B-4FCD-A277-84F19A93290D}
	EndGlobalSection
EndGlobal
